PODS:
  - DropDown (2.3.13)
  - Toaster (2.3.0)

DEPENDENCIES:
  - DropDown
  - Toaster

SPEC REPOS:
  trunk:
    - DropDown
    - Toaster

SPEC CHECKSUMS:
  DropDown: 8a2116376c1981888557f72ec2ffc9a5e0e456ec
  Toaster: c3473963c78e8cabbf6ea6f11ad0fdaae6f54987

PODFILE CHECKSUM: 286a46a77fcff970cc818eaf82e0e42c0425d09f

COCOAPODS: 1.12.1
